
Microsoft Visual Studio Solution File, Format Version 12.00
# Visual Studio 2010
Project("{FAE04EC0-301F-11D3-BF4B-00C04F79EFBC}") = "FileRegister", "FileRegister\FileRegister.csproj", "{5CCAE91D-E7A1-4A00-BF5F-689E26FFE00D}"
EndProject
Project("{FAE04EC0-301F-11D3-BF4B-00C04F79EFBC}") = "FormsDesigner", "FormsDesigner\FormsDesigner.csproj", "{4A9C0CF2-2601-4C06-9500-F261E7EE9C8D}"
EndProject
Project("{FAE04EC0-301F-11D3-BF4B-00C04F79EFBC}") = "QueryDataAccess", "QueryDataAccess\QueryDataAccess.csproj", "{4DCE6A8B-7FF8-49BD-9BE4-D02376B07913}"
EndProject
Project("{FAE04EC0-301F-11D3-BF4B-00C04F79EFBC}") = "QueryDesigner", "QueryDesigner\QueryDesigner.csproj", "{8818A2A4-59FC-4309-A887-9A1D525C430D}"
EndProject
Project("{FAE04EC0-301F-11D3-BF4B-00C04F79EFBC}") = "QueryException", "QueryException\QueryException.csproj", "{773225E5-5A7E-4FB4-900D-4C19D66200AF}"
EndProject
Project("{FAE04EC0-301F-11D3-BF4B-00C04F79EFBC}") = "SnControl", "SnControl\SnControl.csproj", "{DB4EF479-E2DC-44FD-9B8A-A421BD57B949}"
EndProject
Project("{FAE04EC0-301F-11D3-BF4B-00C04F79EFBC}") = "WinFormsUI", "WinFormsUI\WinFormsUI\WinFormsUI.csproj", "{C75532C4-765B-418E-B09B-46D36B2ABDB1}"
EndProject
Project("{FAE04EC0-301F-11D3-BF4B-00C04F79EFBC}") = "QueryLauncher", "QueryApplication\QueryLauncher.csproj", "{D9D619C5-B03D-4301-A19A-CE8E8556954B}"
EndProject
Global
	GlobalSection(SolutionConfigurationPlatforms) = preSolution
		Debug|Any CPU = Debug|Any CPU
		Debug|Mixed Platforms = Debug|Mixed Platforms
		Debug|x86 = Debug|x86
		Release|Any CPU = Release|Any CPU
		Release|Mixed Platforms = Release|Mixed Platforms
		Release|x86 = Release|x86
	EndGlobalSection
	GlobalSection(ProjectConfigurationPlatforms) = postSolution
		{5CCAE91D-E7A1-4A00-BF5F-689E26FFE00D}.Debug|Any CPU.ActiveCfg = Debug|Any CPU
		{5CCAE91D-E7A1-4A00-BF5F-689E26FFE00D}.Debug|Any CPU.Build.0 = Debug|Any CPU
		{5CCAE91D-E7A1-4A00-BF5F-689E26FFE00D}.Debug|Mixed Platforms.ActiveCfg = Debug|Any CPU
		{5CCAE91D-E7A1-4A00-BF5F-689E26FFE00D}.Debug|Mixed Platforms.Build.0 = Debug|Any CPU
		{5CCAE91D-E7A1-4A00-BF5F-689E26FFE00D}.Debug|x86.ActiveCfg = Debug|Any CPU
		{5CCAE91D-E7A1-4A00-BF5F-689E26FFE00D}.Release|Any CPU.ActiveCfg = Release|Any CPU
		{5CCAE91D-E7A1-4A00-BF5F-689E26FFE00D}.Release|Any CPU.Build.0 = Release|Any CPU
		{5CCAE91D-E7A1-4A00-BF5F-689E26FFE00D}.Release|Mixed Platforms.ActiveCfg = Release|Any CPU
		{5CCAE91D-E7A1-4A00-BF5F-689E26FFE00D}.Release|Mixed Platforms.Build.0 = Release|Any CPU
		{5CCAE91D-E7A1-4A00-BF5F-689E26FFE00D}.Release|x86.ActiveCfg = Release|Any CPU
		{4A9C0CF2-2601-4C06-9500-F261E7EE9C8D}.Debug|Any CPU.ActiveCfg = Debug|Any CPU
		{4A9C0CF2-2601-4C06-9500-F261E7EE9C8D}.Debug|Any CPU.Build.0 = Debug|Any CPU
		{4A9C0CF2-2601-4C06-9500-F261E7EE9C8D}.Debug|Mixed Platforms.ActiveCfg = Debug|Any CPU
		{4A9C0CF2-2601-4C06-9500-F261E7EE9C8D}.Debug|Mixed Platforms.Build.0 = Debug|Any CPU
		{4A9C0CF2-2601-4C06-9500-F261E7EE9C8D}.Debug|x86.ActiveCfg = Debug|Any CPU
		{4A9C0CF2-2601-4C06-9500-F261E7EE9C8D}.Release|Any CPU.ActiveCfg = Release|Any CPU
		{4A9C0CF2-2601-4C06-9500-F261E7EE9C8D}.Release|Any CPU.Build.0 = Release|Any CPU
		{4A9C0CF2-2601-4C06-9500-F261E7EE9C8D}.Release|Mixed Platforms.ActiveCfg = Release|Any CPU
		{4A9C0CF2-2601-4C06-9500-F261E7EE9C8D}.Release|Mixed Platforms.Build.0 = Release|Any CPU
		{4A9C0CF2-2601-4C06-9500-F261E7EE9C8D}.Release|x86.ActiveCfg = Release|Any CPU
		{4DCE6A8B-7FF8-49BD-9BE4-D02376B07913}.Debug|Any CPU.ActiveCfg = Debug|Any CPU
		{4DCE6A8B-7FF8-49BD-9BE4-D02376B07913}.Debug|Any CPU.Build.0 = Debug|Any CPU
		{4DCE6A8B-7FF8-49BD-9BE4-D02376B07913}.Debug|Mixed Platforms.ActiveCfg = Debug|Any CPU
		{4DCE6A8B-7FF8-49BD-9BE4-D02376B07913}.Debug|Mixed Platforms.Build.0 = Debug|Any CPU
		{4DCE6A8B-7FF8-49BD-9BE4-D02376B07913}.Debug|x86.ActiveCfg = Debug|Any CPU
		{4DCE6A8B-7FF8-49BD-9BE4-D02376B07913}.Release|Any CPU.ActiveCfg = Release|Any CPU
		{4DCE6A8B-7FF8-49BD-9BE4-D02376B07913}.Release|Any CPU.Build.0 = Release|Any CPU
		{4DCE6A8B-7FF8-49BD-9BE4-D02376B07913}.Release|Mixed Platforms.ActiveCfg = Release|Any CPU
		{4DCE6A8B-7FF8-49BD-9BE4-D02376B07913}.Release|Mixed Platforms.Build.0 = Release|Any CPU
		{4DCE6A8B-7FF8-49BD-9BE4-D02376B07913}.Release|x86.ActiveCfg = Release|Any CPU
		{8818A2A4-59FC-4309-A887-9A1D525C430D}.Debug|Any CPU.ActiveCfg = Debug|Any CPU
		{8818A2A4-59FC-4309-A887-9A1D525C430D}.Debug|Any CPU.Build.0 = Debug|Any CPU
		{8818A2A4-59FC-4309-A887-9A1D525C430D}.Debug|Mixed Platforms.ActiveCfg = Debug|Any CPU
		{8818A2A4-59FC-4309-A887-9A1D525C430D}.Debug|Mixed Platforms.Build.0 = Debug|Any CPU
		{8818A2A4-59FC-4309-A887-9A1D525C430D}.Debug|x86.ActiveCfg = Debug|Any CPU
		{8818A2A4-59FC-4309-A887-9A1D525C430D}.Release|Any CPU.ActiveCfg = Release|Any CPU
		{8818A2A4-59FC-4309-A887-9A1D525C430D}.Release|Any CPU.Build.0 = Release|Any CPU
		{8818A2A4-59FC-4309-A887-9A1D525C430D}.Release|Mixed Platforms.ActiveCfg = Release|Any CPU
		{8818A2A4-59FC-4309-A887-9A1D525C430D}.Release|Mixed Platforms.Build.0 = Release|Any CPU
		{8818A2A4-59FC-4309-A887-9A1D525C430D}.Release|x86.ActiveCfg = Release|Any CPU
		{773225E5-5A7E-4FB4-900D-4C19D66200AF}.Debug|Any CPU.ActiveCfg = Debug|Any CPU
		{773225E5-5A7E-4FB4-900D-4C19D66200AF}.Debug|Any CPU.Build.0 = Debug|Any CPU
		{773225E5-5A7E-4FB4-900D-4C19D66200AF}.Debug|Mixed Platforms.ActiveCfg = Debug|Any CPU
		{773225E5-5A7E-4FB4-900D-4C19D66200AF}.Debug|Mixed Platforms.Build.0 = Debug|Any CPU
		{773225E5-5A7E-4FB4-900D-4C19D66200AF}.Debug|x86.ActiveCfg = Debug|Any CPU
		{773225E5-5A7E-4FB4-900D-4C19D66200AF}.Release|Any CPU.ActiveCfg = Release|Any CPU
		{773225E5-5A7E-4FB4-900D-4C19D66200AF}.Release|Any CPU.Build.0 = Release|Any CPU
		{773225E5-5A7E-4FB4-900D-4C19D66200AF}.Release|Mixed Platforms.ActiveCfg = Release|Any CPU
		{773225E5-5A7E-4FB4-900D-4C19D66200AF}.Release|Mixed Platforms.Build.0 = Release|Any CPU
		{773225E5-5A7E-4FB4-900D-4C19D66200AF}.Release|x86.ActiveCfg = Release|Any CPU
		{DB4EF479-E2DC-44FD-9B8A-A421BD57B949}.Debug|Any CPU.ActiveCfg = Debug|Any CPU
		{DB4EF479-E2DC-44FD-9B8A-A421BD57B949}.Debug|Any CPU.Build.0 = Debug|Any CPU
		{DB4EF479-E2DC-44FD-9B8A-A421BD57B949}.Debug|Mixed Platforms.ActiveCfg = Debug|Any CPU
		{DB4EF479-E2DC-44FD-9B8A-A421BD57B949}.Debug|Mixed Platforms.Build.0 = Debug|Any CPU
		{DB4EF479-E2DC-44FD-9B8A-A421BD57B949}.Debug|x86.ActiveCfg = Debug|Any CPU
		{DB4EF479-E2DC-44FD-9B8A-A421BD57B949}.Release|Any CPU.ActiveCfg = Release|Any CPU
		{DB4EF479-E2DC-44FD-9B8A-A421BD57B949}.Release|Any CPU.Build.0 = Release|Any CPU
		{DB4EF479-E2DC-44FD-9B8A-A421BD57B949}.Release|Mixed Platforms.ActiveCfg = Release|Any CPU
		{DB4EF479-E2DC-44FD-9B8A-A421BD57B949}.Release|Mixed Platforms.Build.0 = Release|Any CPU
		{DB4EF479-E2DC-44FD-9B8A-A421BD57B949}.Release|x86.ActiveCfg = Release|Any CPU
		{C75532C4-765B-418E-B09B-46D36B2ABDB1}.Debug|Any CPU.ActiveCfg = Debug|Any CPU
		{C75532C4-765B-418E-B09B-46D36B2ABDB1}.Debug|Any CPU.Build.0 = Debug|Any CPU
		{C75532C4-765B-418E-B09B-46D36B2ABDB1}.Debug|Mixed Platforms.ActiveCfg = Debug|Any CPU
		{C75532C4-765B-418E-B09B-46D36B2ABDB1}.Debug|Mixed Platforms.Build.0 = Debug|Any CPU
		{C75532C4-765B-418E-B09B-46D36B2ABDB1}.Debug|x86.ActiveCfg = Debug|Any CPU
		{C75532C4-765B-418E-B09B-46D36B2ABDB1}.Release|Any CPU.ActiveCfg = Release|Any CPU
		{C75532C4-765B-418E-B09B-46D36B2ABDB1}.Release|Any CPU.Build.0 = Release|Any CPU
		{C75532C4-765B-418E-B09B-46D36B2ABDB1}.Release|Mixed Platforms.ActiveCfg = Release|Any CPU
		{C75532C4-765B-418E-B09B-46D36B2ABDB1}.Release|Mixed Platforms.Build.0 = Release|Any CPU
		{C75532C4-765B-418E-B09B-46D36B2ABDB1}.Release|x86.ActiveCfg = Release|Any CPU
		{D9D619C5-B03D-4301-A19A-CE8E8556954B}.Debug|Any CPU.ActiveCfg = Debug|x86
		{D9D619C5-B03D-4301-A19A-CE8E8556954B}.Debug|Mixed Platforms.ActiveCfg = Debug|x86
		{D9D619C5-B03D-4301-A19A-CE8E8556954B}.Debug|Mixed Platforms.Build.0 = Debug|x86
		{D9D619C5-B03D-4301-A19A-CE8E8556954B}.Debug|x86.ActiveCfg = Debug|x86
		{D9D619C5-B03D-4301-A19A-CE8E8556954B}.Debug|x86.Build.0 = Debug|x86
		{D9D619C5-B03D-4301-A19A-CE8E8556954B}.Release|Any CPU.ActiveCfg = Release|x86
		{D9D619C5-B03D-4301-A19A-CE8E8556954B}.Release|Mixed Platforms.ActiveCfg = Release|x86
		{D9D619C5-B03D-4301-A19A-CE8E8556954B}.Release|Mixed Platforms.Build.0 = Release|x86
		{D9D619C5-B03D-4301-A19A-CE8E8556954B}.Release|x86.ActiveCfg = Release|x86
		{D9D619C5-B03D-4301-A19A-CE8E8556954B}.Release|x86.Build.0 = Release|x86
	EndGlobalSection
	GlobalSection(SolutionProperties) = preSolution
		HideSolutionNode = FALSE
	EndGlobalSection
EndGlobal
