
Microsoft Visual Studio Solution File, Format Version 12.00
# Visual Studio 2010
Project("{2150E333-8FDC-42A3-9474-1A3956D46DE8}") = "bin", "bin", "{C998518C-6279-4ECF-946E-6A3502F7A6FF}"
EndProject
Project("{2150E333-8FDC-42A3-9474-1A3956D46DE8}") = "Viewer", "Viewer", "{567DE4FB-C46C-4587-BC14-F2B2D10D8C14}"
	ProjectSection(SolutionItems) = preProject
		Bin\Viewer\LiveCharts.dll = Bin\Viewer\LiveCharts.dll
		Bin\Viewer\LiveCharts.WinForms.dll = Bin\Viewer\LiveCharts.WinForms.dll
		Bin\Viewer\LiveCharts.Wpf.dll = Bin\Viewer\LiveCharts.Wpf.dll
	EndProjectSection
EndProject
Project("{2150E333-8FDC-42A3-9474-1A3956D46DE8}") = "examples", "examples", "{B798DA00-7B44-4FEF-A741-7DB6EFB4B535}"
EndProject
Project("{2150E333-8FDC-42A3-9474-1A3956D46DE8}") = "Common", "Common", "{568A0E44-2019-4F84-A900-7570F389E88E}"
EndProject
Project("{FAE04EC0-301F-11D3-BF4B-00C04F79EFBC}") = "CommonClient", "examples\Common\CommonClient\CommonClient.csproj", "{1172DEEC-E3EA-40A4-8B9D-A0C83ACB3195}"
EndProject
Project("{FAE04EC0-301F-11D3-BF4B-00C04F79EFBC}") = "CommonService", "examples\Common\CommonService\CommonService.csproj", "{9D535033-09E1-4B1C-BE56-F612D282C02A}"
EndProject
Project("{2150E333-8FDC-42A3-9474-1A3956D46DE8}") = "src", "src", "{7669ED71-58FF-4FB6-A01D-5516FAA250BA}"
EndProject
Project("{FAE04EC0-301F-11D3-BF4B-00C04F79EFBC}") = "FlowViewer", "src\FlowViewer\FlowViewer.csproj", "{D32FF3B1-CC8D-4ED3-8499-0FE3A7CC9B2B}"
EndProject
Project("{FAE04EC0-301F-11D3-BF4B-00C04F79EFBC}") = "MessageLib", "src\MessageLib\MessageLib.csproj", "{89AD7B0F-3C43-4B2A-9DA7-48C19A33D306}"
EndProject
Project("{FAE04EC0-301F-11D3-BF4B-00C04F79EFBC}") = "MessageServer", "src\MessageServer\MessageServer.csproj", "{C65F6384-A1B3-4EF8-8617-283D76983262}"
EndProject
Project("{2150E333-8FDC-42A3-9474-1A3956D46DE8}") = "test", "test", "{BF9CD69F-3980-4CC6-A55E-8FD6C08ACD3F}"
EndProject
Project("{FAE04EC0-301F-11D3-BF4B-00C04F79EFBC}") = "MessageLib.Tests", "test\MessageLib.Tests\MessageLib.Tests.csproj", "{5DEE269A-8EED-42E9-9E67-503D5EC4781B}"
EndProject
Project("{FAE04EC0-301F-11D3-BF4B-00C04F79EFBC}") = "TelnetService", "examples\TelnetService\TelnetService.csproj", "{0F1E8671-558A-42D1-888D-E8208B0E1FEB}"
EndProject
Project("{FAE04EC0-301F-11D3-BF4B-00C04F79EFBC}") = "ForwardingService", "examples\ForwardingService\ForwardingService.csproj", "{3D758B63-C2F5-423B-9C19-9E530ACAEEAF}"
EndProject
Project("{FAE04EC0-301F-11D3-BF4B-00C04F79EFBC}") = "WebSocketService", "examples\WebSocketService\WebSocketService.csproj", "{D47503BD-F767-4A89-B099-85C3543BBF78}"
EndProject
Project("{2150E333-8FDC-42A3-9474-1A3956D46DE8}") = "Access", "Access", "{11BDFADD-B026-4388-8E62-66AF5FBE50C8}"
EndProject
Project("{FAE04EC0-301F-11D3-BF4B-00C04F79EFBC}") = "AccessService", "examples\Access\AccessService\AccessService.csproj", "{23079935-CF35-4A56-ACDA-6E8B915A143C}"
EndProject
Project("{FAE04EC0-301F-11D3-BF4B-00C04F79EFBC}") = "AccessClient", "examples\Access\AccessClient\AccessClient.csproj", "{27175F9B-5EA8-4C27-97A0-FF16026A4663}"
EndProject
Global
	GlobalSection(SolutionConfigurationPlatforms) = preSolution
		Debug|Any CPU = Debug|Any CPU
		Release|Any CPU = Release|Any CPU
	EndGlobalSection
	GlobalSection(ProjectConfigurationPlatforms) = postSolution
		{1172DEEC-E3EA-40A4-8B9D-A0C83ACB3195}.Debug|Any CPU.ActiveCfg = Debug|Any CPU
		{1172DEEC-E3EA-40A4-8B9D-A0C83ACB3195}.Debug|Any CPU.Build.0 = Debug|Any CPU
		{1172DEEC-E3EA-40A4-8B9D-A0C83ACB3195}.Release|Any CPU.ActiveCfg = Release|Any CPU
		{1172DEEC-E3EA-40A4-8B9D-A0C83ACB3195}.Release|Any CPU.Build.0 = Release|Any CPU
		{9D535033-09E1-4B1C-BE56-F612D282C02A}.Debug|Any CPU.ActiveCfg = Debug|Any CPU
		{9D535033-09E1-4B1C-BE56-F612D282C02A}.Debug|Any CPU.Build.0 = Debug|Any CPU
		{9D535033-09E1-4B1C-BE56-F612D282C02A}.Release|Any CPU.ActiveCfg = Release|Any CPU
		{9D535033-09E1-4B1C-BE56-F612D282C02A}.Release|Any CPU.Build.0 = Release|Any CPU
		{D32FF3B1-CC8D-4ED3-8499-0FE3A7CC9B2B}.Debug|Any CPU.ActiveCfg = Debug|Any CPU
		{D32FF3B1-CC8D-4ED3-8499-0FE3A7CC9B2B}.Debug|Any CPU.Build.0 = Debug|Any CPU
		{D32FF3B1-CC8D-4ED3-8499-0FE3A7CC9B2B}.Release|Any CPU.ActiveCfg = Release|Any CPU
		{D32FF3B1-CC8D-4ED3-8499-0FE3A7CC9B2B}.Release|Any CPU.Build.0 = Release|Any CPU
		{89AD7B0F-3C43-4B2A-9DA7-48C19A33D306}.Debug|Any CPU.ActiveCfg = Debug|Any CPU
		{89AD7B0F-3C43-4B2A-9DA7-48C19A33D306}.Debug|Any CPU.Build.0 = Debug|Any CPU
		{89AD7B0F-3C43-4B2A-9DA7-48C19A33D306}.Release|Any CPU.ActiveCfg = Release|Any CPU
		{89AD7B0F-3C43-4B2A-9DA7-48C19A33D306}.Release|Any CPU.Build.0 = Release|Any CPU
		{C65F6384-A1B3-4EF8-8617-283D76983262}.Debug|Any CPU.ActiveCfg = Debug|Any CPU
		{C65F6384-A1B3-4EF8-8617-283D76983262}.Debug|Any CPU.Build.0 = Debug|Any CPU
		{C65F6384-A1B3-4EF8-8617-283D76983262}.Release|Any CPU.ActiveCfg = Release|Any CPU
		{C65F6384-A1B3-4EF8-8617-283D76983262}.Release|Any CPU.Build.0 = Release|Any CPU
		{5DEE269A-8EED-42E9-9E67-503D5EC4781B}.Debug|Any CPU.ActiveCfg = Debug|Any CPU
		{5DEE269A-8EED-42E9-9E67-503D5EC4781B}.Debug|Any CPU.Build.0 = Debug|Any CPU
		{5DEE269A-8EED-42E9-9E67-503D5EC4781B}.Release|Any CPU.ActiveCfg = Release|Any CPU
		{5DEE269A-8EED-42E9-9E67-503D5EC4781B}.Release|Any CPU.Build.0 = Release|Any CPU
		{0F1E8671-558A-42D1-888D-E8208B0E1FEB}.Debug|Any CPU.ActiveCfg = Debug|Any CPU
		{0F1E8671-558A-42D1-888D-E8208B0E1FEB}.Debug|Any CPU.Build.0 = Debug|Any CPU
		{0F1E8671-558A-42D1-888D-E8208B0E1FEB}.Release|Any CPU.ActiveCfg = Release|Any CPU
		{0F1E8671-558A-42D1-888D-E8208B0E1FEB}.Release|Any CPU.Build.0 = Release|Any CPU
		{3D758B63-C2F5-423B-9C19-9E530ACAEEAF}.Debug|Any CPU.ActiveCfg = Debug|Any CPU
		{3D758B63-C2F5-423B-9C19-9E530ACAEEAF}.Debug|Any CPU.Build.0 = Debug|Any CPU
		{3D758B63-C2F5-423B-9C19-9E530ACAEEAF}.Release|Any CPU.ActiveCfg = Release|Any CPU
		{3D758B63-C2F5-423B-9C19-9E530ACAEEAF}.Release|Any CPU.Build.0 = Release|Any CPU
		{D47503BD-F767-4A89-B099-85C3543BBF78}.Debug|Any CPU.ActiveCfg = Debug|Any CPU
		{D47503BD-F767-4A89-B099-85C3543BBF78}.Debug|Any CPU.Build.0 = Debug|Any CPU
		{D47503BD-F767-4A89-B099-85C3543BBF78}.Release|Any CPU.ActiveCfg = Release|Any CPU
		{D47503BD-F767-4A89-B099-85C3543BBF78}.Release|Any CPU.Build.0 = Release|Any CPU
		{23079935-CF35-4A56-ACDA-6E8B915A143C}.Debug|Any CPU.ActiveCfg = Debug|Any CPU
		{23079935-CF35-4A56-ACDA-6E8B915A143C}.Debug|Any CPU.Build.0 = Debug|Any CPU
		{23079935-CF35-4A56-ACDA-6E8B915A143C}.Release|Any CPU.ActiveCfg = Release|Any CPU
		{23079935-CF35-4A56-ACDA-6E8B915A143C}.Release|Any CPU.Build.0 = Release|Any CPU
		{27175F9B-5EA8-4C27-97A0-FF16026A4663}.Debug|Any CPU.ActiveCfg = Debug|Any CPU
		{27175F9B-5EA8-4C27-97A0-FF16026A4663}.Debug|Any CPU.Build.0 = Debug|Any CPU
		{27175F9B-5EA8-4C27-97A0-FF16026A4663}.Release|Any CPU.ActiveCfg = Release|Any CPU
		{27175F9B-5EA8-4C27-97A0-FF16026A4663}.Release|Any CPU.Build.0 = Release|Any CPU
	EndGlobalSection
	GlobalSection(SolutionProperties) = preSolution
		HideSolutionNode = FALSE
	EndGlobalSection
	GlobalSection(NestedProjects) = preSolution
		{567DE4FB-C46C-4587-BC14-F2B2D10D8C14} = {C998518C-6279-4ECF-946E-6A3502F7A6FF}
		{568A0E44-2019-4F84-A900-7570F389E88E} = {B798DA00-7B44-4FEF-A741-7DB6EFB4B535}
		{1172DEEC-E3EA-40A4-8B9D-A0C83ACB3195} = {568A0E44-2019-4F84-A900-7570F389E88E}
		{9D535033-09E1-4B1C-BE56-F612D282C02A} = {568A0E44-2019-4F84-A900-7570F389E88E}
		{D32FF3B1-CC8D-4ED3-8499-0FE3A7CC9B2B} = {7669ED71-58FF-4FB6-A01D-5516FAA250BA}
		{89AD7B0F-3C43-4B2A-9DA7-48C19A33D306} = {7669ED71-58FF-4FB6-A01D-5516FAA250BA}
		{C65F6384-A1B3-4EF8-8617-283D76983262} = {7669ED71-58FF-4FB6-A01D-5516FAA250BA}
		{5DEE269A-8EED-42E9-9E67-503D5EC4781B} = {BF9CD69F-3980-4CC6-A55E-8FD6C08ACD3F}
		{0F1E8671-558A-42D1-888D-E8208B0E1FEB} = {B798DA00-7B44-4FEF-A741-7DB6EFB4B535}
		{3D758B63-C2F5-423B-9C19-9E530ACAEEAF} = {B798DA00-7B44-4FEF-A741-7DB6EFB4B535}
		{D47503BD-F767-4A89-B099-85C3543BBF78} = {B798DA00-7B44-4FEF-A741-7DB6EFB4B535}
		{11BDFADD-B026-4388-8E62-66AF5FBE50C8} = {B798DA00-7B44-4FEF-A741-7DB6EFB4B535}
		{23079935-CF35-4A56-ACDA-6E8B915A143C} = {11BDFADD-B026-4388-8E62-66AF5FBE50C8}
		{27175F9B-5EA8-4C27-97A0-FF16026A4663} = {11BDFADD-B026-4388-8E62-66AF5FBE50C8}
	EndGlobalSection
	GlobalSection(ExtensibilityGlobals) = postSolution
		SolutionGuid = {B9B4E5CB-462C-43AB-857D-992786809D18}
	EndGlobalSection
EndGlobal
