
Microsoft Visual Studio Solution File, Format Version 12.00
# Visual Studio Version 16
VisualStudioVersion = 16.0.30717.126
MinimumVisualStudioVersion = 10.0.40219.1
Project("{2150E333-8FDC-42A3-9474-1A3956D46DE8}") = "examples", "examples", "{B798DA00-7B44-4FEF-A741-7DB6EFB4B535}"
EndProject
Project("{2150E333-8FDC-42A3-9474-1A3956D46DE8}") = "Common", "Common", "{568A0E44-2019-4F84-A900-7570F389E88E}"
EndProject
Project("{9A19103F-16F7-4668-BE54-9A1E7A4F7556}") = "CommonService", "examples\Common\CommonService\CommonService.csproj", "{9D535033-09E1-4B1C-BE56-F612D282C02A}"
EndProject
Project("{2150E333-8FDC-42A3-9474-1A3956D46DE8}") = "src", "src", "{7669ED71-58FF-4FB6-A01D-5516FAA250BA}"
EndProject
Project("{9A19103F-16F7-4668-BE54-9A1E7A4F7556}") = "TelnetService", "examples\TelnetService\TelnetService.csproj", "{0F1E8671-558A-42D1-888D-E8208B0E1FEB}"
EndProject
Project("{9A19103F-16F7-4668-BE54-9A1E7A4F7556}") = "ForwardingService", "examples\ForwardingService\ForwardingService.csproj", "{3D758B63-C2F5-423B-9C19-9E530ACAEEAF}"
EndProject
Project("{9A19103F-16F7-4668-BE54-9A1E7A4F7556}") = "WebSocketService", "examples\WebSocketService\WebSocketService.csproj", "{D47503BD-F767-4A89-B099-85C3543BBF78}"
EndProject
Project("{9A19103F-16F7-4668-BE54-9A1E7A4F7556}") = "MessageLib", "src\MessageLib\MessageLib.csproj", "{3AE1AA03-C0F3-4100-94A4-9796A58F783A}"
EndProject
Project("{9A19103F-16F7-4668-BE54-9A1E7A4F7556}") = "MessageServer", "src\MessageServer\MessageServer.csproj", "{4C5A1384-A9EA-466D-B49D-23E773771834}"
EndProject
Project("{9A19103F-16F7-4668-BE54-9A1E7A4F7556}") = "CommonClient", "examples\Common\CommonClient\CommonClient.csproj", "{D3953B5B-0FF4-484F-A805-A219D6538428}"
EndProject
Project("{2150E333-8FDC-42A3-9474-1A3956D46DE8}") = "Access", "Access", "{E491EF30-F7A6-4F54-AB82-7EDC87148A38}"
EndProject
Project("{9A19103F-16F7-4668-BE54-9A1E7A4F7556}") = "AccessService", "examples\Access\AccessService\AccessService.csproj", "{CE9406CC-8B1C-4A47-93E0-DCFDA67D48CB}"
EndProject
Global
	GlobalSection(SolutionConfigurationPlatforms) = preSolution
		Debug|Any CPU = Debug|Any CPU
		Release|Any CPU = Release|Any CPU
	EndGlobalSection
	GlobalSection(ProjectConfigurationPlatforms) = postSolution
		{9D535033-09E1-4B1C-BE56-F612D282C02A}.Debug|Any CPU.ActiveCfg = Debug|Any CPU
		{9D535033-09E1-4B1C-BE56-F612D282C02A}.Debug|Any CPU.Build.0 = Debug|Any CPU
		{9D535033-09E1-4B1C-BE56-F612D282C02A}.Release|Any CPU.ActiveCfg = Release|Any CPU
		{9D535033-09E1-4B1C-BE56-F612D282C02A}.Release|Any CPU.Build.0 = Release|Any CPU
		{0F1E8671-558A-42D1-888D-E8208B0E1FEB}.Debug|Any CPU.ActiveCfg = Debug|Any CPU
		{0F1E8671-558A-42D1-888D-E8208B0E1FEB}.Debug|Any CPU.Build.0 = Debug|Any CPU
		{0F1E8671-558A-42D1-888D-E8208B0E1FEB}.Release|Any CPU.ActiveCfg = Release|Any CPU
		{0F1E8671-558A-42D1-888D-E8208B0E1FEB}.Release|Any CPU.Build.0 = Release|Any CPU
		{3D758B63-C2F5-423B-9C19-9E530ACAEEAF}.Debug|Any CPU.ActiveCfg = Debug|Any CPU
		{3D758B63-C2F5-423B-9C19-9E530ACAEEAF}.Debug|Any CPU.Build.0 = Debug|Any CPU
		{3D758B63-C2F5-423B-9C19-9E530ACAEEAF}.Release|Any CPU.ActiveCfg = Release|Any CPU
		{3D758B63-C2F5-423B-9C19-9E530ACAEEAF}.Release|Any CPU.Build.0 = Release|Any CPU
		{D47503BD-F767-4A89-B099-85C3543BBF78}.Debug|Any CPU.ActiveCfg = Debug|Any CPU
		{D47503BD-F767-4A89-B099-85C3543BBF78}.Debug|Any CPU.Build.0 = Debug|Any CPU
		{D47503BD-F767-4A89-B099-85C3543BBF78}.Release|Any CPU.ActiveCfg = Release|Any CPU
		{D47503BD-F767-4A89-B099-85C3543BBF78}.Release|Any CPU.Build.0 = Release|Any CPU
		{3AE1AA03-C0F3-4100-94A4-9796A58F783A}.Debug|Any CPU.ActiveCfg = Debug|Any CPU
		{3AE1AA03-C0F3-4100-94A4-9796A58F783A}.Debug|Any CPU.Build.0 = Debug|Any CPU
		{3AE1AA03-C0F3-4100-94A4-9796A58F783A}.Release|Any CPU.ActiveCfg = Release|Any CPU
		{3AE1AA03-C0F3-4100-94A4-9796A58F783A}.Release|Any CPU.Build.0 = Release|Any CPU
		{4C5A1384-A9EA-466D-B49D-23E773771834}.Debug|Any CPU.ActiveCfg = Debug|Any CPU
		{4C5A1384-A9EA-466D-B49D-23E773771834}.Debug|Any CPU.Build.0 = Debug|Any CPU
		{4C5A1384-A9EA-466D-B49D-23E773771834}.Release|Any CPU.ActiveCfg = Release|Any CPU
		{4C5A1384-A9EA-466D-B49D-23E773771834}.Release|Any CPU.Build.0 = Release|Any CPU
		{D3953B5B-0FF4-484F-A805-A219D6538428}.Debug|Any CPU.ActiveCfg = Debug|Any CPU
		{D3953B5B-0FF4-484F-A805-A219D6538428}.Debug|Any CPU.Build.0 = Debug|Any CPU
		{D3953B5B-0FF4-484F-A805-A219D6538428}.Release|Any CPU.ActiveCfg = Release|Any CPU
		{D3953B5B-0FF4-484F-A805-A219D6538428}.Release|Any CPU.Build.0 = Release|Any CPU
		{CE9406CC-8B1C-4A47-93E0-DCFDA67D48CB}.Debug|Any CPU.ActiveCfg = Debug|Any CPU
		{CE9406CC-8B1C-4A47-93E0-DCFDA67D48CB}.Debug|Any CPU.Build.0 = Debug|Any CPU
		{CE9406CC-8B1C-4A47-93E0-DCFDA67D48CB}.Release|Any CPU.ActiveCfg = Release|Any CPU
		{CE9406CC-8B1C-4A47-93E0-DCFDA67D48CB}.Release|Any CPU.Build.0 = Release|Any CPU
	EndGlobalSection
	GlobalSection(SolutionProperties) = preSolution
		HideSolutionNode = FALSE
	EndGlobalSection
	GlobalSection(NestedProjects) = preSolution
		{568A0E44-2019-4F84-A900-7570F389E88E} = {B798DA00-7B44-4FEF-A741-7DB6EFB4B535}
		{9D535033-09E1-4B1C-BE56-F612D282C02A} = {568A0E44-2019-4F84-A900-7570F389E88E}
		{0F1E8671-558A-42D1-888D-E8208B0E1FEB} = {B798DA00-7B44-4FEF-A741-7DB6EFB4B535}
		{3D758B63-C2F5-423B-9C19-9E530ACAEEAF} = {B798DA00-7B44-4FEF-A741-7DB6EFB4B535}
		{D47503BD-F767-4A89-B099-85C3543BBF78} = {B798DA00-7B44-4FEF-A741-7DB6EFB4B535}
		{3AE1AA03-C0F3-4100-94A4-9796A58F783A} = {7669ED71-58FF-4FB6-A01D-5516FAA250BA}
		{4C5A1384-A9EA-466D-B49D-23E773771834} = {7669ED71-58FF-4FB6-A01D-5516FAA250BA}
		{D3953B5B-0FF4-484F-A805-A219D6538428} = {568A0E44-2019-4F84-A900-7570F389E88E}
		{E491EF30-F7A6-4F54-AB82-7EDC87148A38} = {B798DA00-7B44-4FEF-A741-7DB6EFB4B535}
		{CE9406CC-8B1C-4A47-93E0-DCFDA67D48CB} = {E491EF30-F7A6-4F54-AB82-7EDC87148A38}
	EndGlobalSection
	GlobalSection(ExtensibilityGlobals) = postSolution
		SolutionGuid = {B9B4E5CB-462C-43AB-857D-992786809D18}
	EndGlobalSection
EndGlobal
