
Microsoft Visual Studio Solution File, Format Version 12.00
# Visual Studio 14
VisualStudioVersion = 14.0.25420.1
MinimumVisualStudioVersion = 10.0.40219.1
Project("{2150E333-8FDC-42A3-9474-1A3956D46DE8}") = "Access", "Access", "{A94D795B-EA9A-41B8-B1A9-1BF4F158F43C}"
EndProject
Project("{FAE04EC0-301F-11D3-BF4B-00C04F79EFBC}") = "SystemFramework", "SystemFramework\SystemFramework.csproj", "{FE1E76AA-BBD6-438F-8FF9-838040806B2B}"
EndProject
Project("{FAE04EC0-301F-11D3-BF4B-00C04F79EFBC}") = "DataAccess", "DataAccess\DataAccess.csproj", "{0988C62E-247F-471F-A183-DB509C7A3839}"
EndProject
Project("{FAE04EC0-301F-11D3-BF4B-00C04F79EFBC}") = "DataAccessSQL", "DataAccessSQL\DataAccessSQL.csproj", "{2208994B-5A63-4EC4-AF2D-A925ED5589E2}"
EndProject
Project("{FAE04EC0-301F-11D3-BF4B-00C04F79EFBC}") = "DataAccessSQLite", "DataAccessSQLite\DataAccessSQLite.csproj", "{AC63D247-316F-443A-B4AF-F10AB3680DE0}"
EndProject
Project("{FAE04EC0-301F-11D3-BF4B-00C04F79EFBC}") = "DataAccessDB2", "DataAccessDB2\DataAccessDB2.csproj", "{BCE001EE-CE76-4BC0-969C-87973B8C3864}"
EndProject
Project("{FAE04EC0-301F-11D3-BF4B-00C04F79EFBC}") = "DataAccessMySQL", "DataAccessMySQL\DataAccessMySQL.csproj", "{31284DE7-D2A2-46D1-8E16-1DD60E5F20E8}"
EndProject
Project("{FAE04EC0-301F-11D3-BF4B-00C04F79EFBC}") = "BaseControl", "BaseControl\BaseControl.csproj", "{3FE918EE-ED8E-4605-907E-4F15602C2074}"
EndProject
Project("{FAE04EC0-301F-11D3-BF4B-00C04F79EFBC}") = "DataAccessOracle", "DataAccessOracle\DataAccessOracle.csproj", "{2CE6BFFF-F802-4320-9CF5-DF40A5B9C57F}"
EndProject
Global
	GlobalSection(SolutionConfigurationPlatforms) = preSolution
		Debug|Any CPU = Debug|Any CPU
		Release|Any CPU = Release|Any CPU
	EndGlobalSection
	GlobalSection(ProjectConfigurationPlatforms) = postSolution
		{FE1E76AA-BBD6-438F-8FF9-838040806B2B}.Debug|Any CPU.ActiveCfg = Debug|Any CPU
		{FE1E76AA-BBD6-438F-8FF9-838040806B2B}.Debug|Any CPU.Build.0 = Debug|Any CPU
		{FE1E76AA-BBD6-438F-8FF9-838040806B2B}.Release|Any CPU.ActiveCfg = Release|Any CPU
		{FE1E76AA-BBD6-438F-8FF9-838040806B2B}.Release|Any CPU.Build.0 = Release|Any CPU
		{0988C62E-247F-471F-A183-DB509C7A3839}.Debug|Any CPU.ActiveCfg = Debug|Any CPU
		{0988C62E-247F-471F-A183-DB509C7A3839}.Debug|Any CPU.Build.0 = Debug|Any CPU
		{0988C62E-247F-471F-A183-DB509C7A3839}.Release|Any CPU.ActiveCfg = Release|Any CPU
		{0988C62E-247F-471F-A183-DB509C7A3839}.Release|Any CPU.Build.0 = Release|Any CPU
		{2208994B-5A63-4EC4-AF2D-A925ED5589E2}.Debug|Any CPU.ActiveCfg = Debug|Any CPU
		{2208994B-5A63-4EC4-AF2D-A925ED5589E2}.Debug|Any CPU.Build.0 = Debug|Any CPU
		{2208994B-5A63-4EC4-AF2D-A925ED5589E2}.Release|Any CPU.ActiveCfg = Release|Any CPU
		{2208994B-5A63-4EC4-AF2D-A925ED5589E2}.Release|Any CPU.Build.0 = Release|Any CPU
		{AC63D247-316F-443A-B4AF-F10AB3680DE0}.Debug|Any CPU.ActiveCfg = Debug|Any CPU
		{AC63D247-316F-443A-B4AF-F10AB3680DE0}.Debug|Any CPU.Build.0 = Debug|Any CPU
		{AC63D247-316F-443A-B4AF-F10AB3680DE0}.Release|Any CPU.ActiveCfg = Release|Any CPU
		{AC63D247-316F-443A-B4AF-F10AB3680DE0}.Release|Any CPU.Build.0 = Release|Any CPU
		{BCE001EE-CE76-4BC0-969C-87973B8C3864}.Debug|Any CPU.ActiveCfg = Debug|Any CPU
		{BCE001EE-CE76-4BC0-969C-87973B8C3864}.Debug|Any CPU.Build.0 = Debug|Any CPU
		{BCE001EE-CE76-4BC0-969C-87973B8C3864}.Release|Any CPU.ActiveCfg = Release|Any CPU
		{BCE001EE-CE76-4BC0-969C-87973B8C3864}.Release|Any CPU.Build.0 = Release|Any CPU
		{31284DE7-D2A2-46D1-8E16-1DD60E5F20E8}.Debug|Any CPU.ActiveCfg = Debug|Any CPU
		{31284DE7-D2A2-46D1-8E16-1DD60E5F20E8}.Debug|Any CPU.Build.0 = Debug|Any CPU
		{31284DE7-D2A2-46D1-8E16-1DD60E5F20E8}.Release|Any CPU.ActiveCfg = Release|Any CPU
		{31284DE7-D2A2-46D1-8E16-1DD60E5F20E8}.Release|Any CPU.Build.0 = Release|Any CPU
		{3FE918EE-ED8E-4605-907E-4F15602C2074}.Debug|Any CPU.ActiveCfg = Debug|Any CPU
		{3FE918EE-ED8E-4605-907E-4F15602C2074}.Debug|Any CPU.Build.0 = Debug|Any CPU
		{3FE918EE-ED8E-4605-907E-4F15602C2074}.Release|Any CPU.ActiveCfg = Release|Any CPU
		{3FE918EE-ED8E-4605-907E-4F15602C2074}.Release|Any CPU.Build.0 = Release|Any CPU
		{2CE6BFFF-F802-4320-9CF5-DF40A5B9C57F}.Debug|Any CPU.ActiveCfg = Debug|Any CPU
		{2CE6BFFF-F802-4320-9CF5-DF40A5B9C57F}.Debug|Any CPU.Build.0 = Debug|Any CPU
		{2CE6BFFF-F802-4320-9CF5-DF40A5B9C57F}.Release|Any CPU.ActiveCfg = Release|Any CPU
		{2CE6BFFF-F802-4320-9CF5-DF40A5B9C57F}.Release|Any CPU.Build.0 = Release|Any CPU
	EndGlobalSection
	GlobalSection(SolutionProperties) = preSolution
		HideSolutionNode = FALSE
	EndGlobalSection
	GlobalSection(NestedProjects) = preSolution
		{2208994B-5A63-4EC4-AF2D-A925ED5589E2} = {A94D795B-EA9A-41B8-B1A9-1BF4F158F43C}
		{AC63D247-316F-443A-B4AF-F10AB3680DE0} = {A94D795B-EA9A-41B8-B1A9-1BF4F158F43C}
		{BCE001EE-CE76-4BC0-969C-87973B8C3864} = {A94D795B-EA9A-41B8-B1A9-1BF4F158F43C}
		{31284DE7-D2A2-46D1-8E16-1DD60E5F20E8} = {A94D795B-EA9A-41B8-B1A9-1BF4F158F43C}
		{2CE6BFFF-F802-4320-9CF5-DF40A5B9C57F} = {A94D795B-EA9A-41B8-B1A9-1BF4F158F43C}
	EndGlobalSection
EndGlobal
