
Microsoft Visual Studio Solution File, Format Version 12.00
# Visual Studio 2010
Project("{FAE04EC0-301F-11D3-BF4B-00C04F79EFBC}") = "AutoUpdate", "AutoUpdate\AutoUpdate.csproj", "{8489E68B-3A49-465F-9C49-C902CFF3742D}"
EndProject
Project("{FAE04EC0-301F-11D3-BF4B-00C04F79EFBC}") = "UpdateConfig", "UpdateConfig\UpdateConfig.csproj", "{B0F72047-A836-47B5-8012-F94597F0822E}"
EndProject
Global
	GlobalSection(SolutionConfigurationPlatforms) = preSolution
		Debug|Any CPU = Debug|Any CPU
		Debug|Mixed Platforms = Debug|Mixed Platforms
		Debug|x86 = Debug|x86
		Release|Any CPU = Release|Any CPU
		Release|Mixed Platforms = Release|Mixed Platforms
		Release|x86 = Release|x86
	EndGlobalSection
	GlobalSection(ProjectConfigurationPlatforms) = postSolution
		{8489E68B-3A49-465F-9C49-C902CFF3742D}.Debug|Any CPU.ActiveCfg = Debug|x86
		{8489E68B-3A49-465F-9C49-C902CFF3742D}.Debug|Mixed Platforms.ActiveCfg = Debug|x86
		{8489E68B-3A49-465F-9C49-C902CFF3742D}.Debug|Mixed Platforms.Build.0 = Debug|x86
		{8489E68B-3A49-465F-9C49-C902CFF3742D}.Debug|x86.ActiveCfg = Debug|x86
		{8489E68B-3A49-465F-9C49-C902CFF3742D}.Debug|x86.Build.0 = Debug|x86
		{8489E68B-3A49-465F-9C49-C902CFF3742D}.Release|Any CPU.ActiveCfg = Release|x86
		{8489E68B-3A49-465F-9C49-C902CFF3742D}.Release|Mixed Platforms.ActiveCfg = Release|x86
		{8489E68B-3A49-465F-9C49-C902CFF3742D}.Release|Mixed Platforms.Build.0 = Release|x86
		{8489E68B-3A49-465F-9C49-C902CFF3742D}.Release|x86.ActiveCfg = Release|x86
		{8489E68B-3A49-465F-9C49-C902CFF3742D}.Release|x86.Build.0 = Release|x86
		{B0F72047-A836-47B5-8012-F94597F0822E}.Debug|Any CPU.ActiveCfg = Debug|x86
		{B0F72047-A836-47B5-8012-F94597F0822E}.Debug|Mixed Platforms.ActiveCfg = Debug|x86
		{B0F72047-A836-47B5-8012-F94597F0822E}.Debug|Mixed Platforms.Build.0 = Debug|x86
		{B0F72047-A836-47B5-8012-F94597F0822E}.Debug|x86.ActiveCfg = Debug|x86
		{B0F72047-A836-47B5-8012-F94597F0822E}.Debug|x86.Build.0 = Debug|x86
		{B0F72047-A836-47B5-8012-F94597F0822E}.Release|Any CPU.ActiveCfg = Release|x86
		{B0F72047-A836-47B5-8012-F94597F0822E}.Release|Mixed Platforms.ActiveCfg = Release|x86
		{B0F72047-A836-47B5-8012-F94597F0822E}.Release|Mixed Platforms.Build.0 = Release|x86
		{B0F72047-A836-47B5-8012-F94597F0822E}.Release|x86.ActiveCfg = Release|x86
		{B0F72047-A836-47B5-8012-F94597F0822E}.Release|x86.Build.0 = Release|x86
	EndGlobalSection
	GlobalSection(SolutionProperties) = preSolution
		HideSolutionNode = FALSE
	EndGlobalSection
EndGlobal
